{
    "_readme": [
        "This file locks the dependencies of your project to a known state",
        "Read more about it at https://getcomposer.org/doc/01-basic-usage.md#composer-lock-the-lock-file",
        "This file is @generated automatically"
    ],
    "hash": "f2555f8a850e5fcd14106dfb40ba6d1c",
    "content-hash": "63d193c94919d5b398e212bc8e1e7367",
    "packages": [
        {
            "name": "donquixote/datastream",
            "version": "0.0.x-dev",
            "source": {
                "type": "git",
                "url": "https://github.com/donquixote/datastream.git",
                "reference": "fe205987138aafeac9ee9b2714fcd9bf1a43cbc3"
            },
            "dist": {
                "type": "zip",
                "url": "https://api.github.com/repos/donquixote/datastream/zipball/fe205987138aafeac9ee9b2714fcd9bf1a43cbc3",
                "reference": "fe205987138aafeac9ee9b2714fcd9bf1a43cbc3",
                "shasum": ""
            },
            "type": "library",
            "autoload": {
                "psr-4": {
                    "Donquixote\\DataStream\\": "src/"
                }
            },
            "license": [
                "MIT"
            ],
            "authors": [
                {
                    "name": "Andreas Hennings",
                    "email": "andreas@dqxtech.net"
                }
            ],
            "description": "Library for data streams. Does not do anything by itself.",
            "homepage": "http://github.com/donquixote/datastream",
            "support": {
                "source": "https://github.com/donquixote/datastream/tree/0.0",
                "issues": "https://github.com/donquixote/datastream/issues"
            },
            "time": "2016-03-14 11:07:21"
        }
    ],
    "packages-dev": [],
    "aliases": [],
    "minimum-stability": "dev",
    "stability-flags": [],
    "prefer-stable": false,
    "prefer-lowest": false,
    "platform": {
        "php": ">=5.5.0"
    },
    "platform-dev": []
}
